// !$*UTF8*$!
{
	archiveVersion = 1;
	classes = {
	};
	objectVersion = 46;
	objects = {

/* Begin PBXBuildFile section */
		FF8B10131EC01E4B00208A34 /* main.m in Sources */ = {isa = PBXBuildFile; fileRef = FF8B10121EC01E4B00208A34 /* main.m */; };
		FF8B10161EC01E4B00208A34 /* AppDelegate.m in Sources */ = {isa = PBXBuildFile; fileRef = FF8B10151EC01E4B00208A34 /* AppDelegate.m */; };
		FF8B10191EC01E4B00208A34 /* ViewController.m in Sources */ = {isa = PBXBuildFile; fileRef = FF8B10181EC01E4B00208A34 /* ViewController.m */; };
		FF8B101C1EC01E4B00208A34 /* Main.storyboard in Resources */ = {isa = PBXBuildFile; fileRef = FF8B101A1EC01E4B00208A34 /* Main.storyboard */; };
		FF8B101E1EC01E4B00208A34 /* Assets.xcassets in Resources */ = {isa = PBXBuildFile; fileRef = FF8B101D1EC01E4B00208A34 /* Assets.xcassets */; };
		FF8B10211EC01E4B00208A34 /* LaunchScreen.storyboard in Resources */ = {isa = PBXBuildFile; fileRef = FF8B101F1EC01E4B00208A34 /* LaunchScreen.storyboard */; };
		FF8B102C1EC01E4B00208A34 /* SPBaseCommonTests.m in Sources */ = {isa = PBXBuildFile; fileRef = FF8B102B1EC01E4B00208A34 /* SPBaseCommonTests.m */; };
		FF8B10371EC01E4B00208A34 /* SPBaseCommonUITests.m in Sources */ = {isa = PBXBuildFile; fileRef = FF8B10361EC01E4B00208A34 /* SPBaseCommonUITests.m */; };
		FF8B10471EC01FDD00208A34 /* SPCommonTools.m in Sources */ = {isa = PBXBuildFile; fileRef = FF8B10461EC01FDD00208A34 /* SPCommonTools.m */; };
/* End PBXBuildFile section */

/* Begin PBXContainerItemProxy section */
		FF8B10281EC01E4B00208A34 /* PBXContainerItemProxy */ = {
			isa = PBXContainerItemProxy;
			containerPortal = FF8B10061EC01E4B00208A34 /* Project object */;
			proxyType = 1;
			remoteGlobalIDString = FF8B100D1EC01E4B00208A34;
			remoteInfo = SPBaseCommon;
		};
		FF8B10331EC01E4B00208A34 /* PBXContainerItemProxy */ = {
			isa = PBXContainerItemProxy;
			containerPortal = FF8B10061EC01E4B00208A34 /* Project object */;
			proxyType = 1;
			remoteGlobalIDString = FF8B100D1EC01E4B00208A34;
			remoteInfo = SPBaseCommon;
		};
/* End PBXContainerItemProxy section */

/* Begin PBXFileReference section */
		FF8B100E1EC01E4B00208A34 /* SPBaseCommon.app */ = {isa = PBXFileReference; explicitFileType = wrapper.application; includeInIndex = 0; path = SPBaseCommon.app; sourceTree = BUILT_PRODUCTS_DIR; };
		FF8B10121EC01E4B00208A34 /* main.m */ = {isa = PBXFileReference; lastKnownFileType = sourcecode.c.objc; path = main.m; sourceTree = "<group>"; };
		FF8B10141EC01E4B00208A34 /* AppDelegate.h */ = {isa = PBXFileReference; lastKnownFileType = sourcecode.c.h; path = AppDelegate.h; sourceTree = "<group>"; };
		FF8B10151EC01E4B00208A34 /* AppDelegate.m */ = {isa = PBXFileReference; lastKnownFileType = sourcecode.c.objc; path = AppDelegate.m; sourceTree = "<group>"; };
		FF8B10171EC01E4B00208A34 /* ViewController.h */ = {isa = PBXFileReference; lastKnownFileType = sourcecode.c.h; path = ViewController.h; sourceTree = "<group>"; };
		FF8B10181EC01E4B00208A34 /* ViewController.m */ = {isa = PBXFileReference; lastKnownFileType = sourcecode.c.objc; path = ViewController.m; sourceTree = "<group>"; };
		FF8B101B1EC01E4B00208A34 /* Base */ = {isa = PBXFileReference; lastKnownFileType = file.storyboard; name = Base; path = Base.lproj/Main.storyboard; sourceTree = "<group>"; };
		FF8B101D1EC01E4B00208A34 /* Assets.xcassets */ = {isa = PBXFileReference; lastKnownFileType = folder.assetcatalog; path = Assets.xcassets; sourceTree = "<group>"; };
		FF8B10201EC01E4B00208A34 /* Base */ = {isa = PBXFileReference; lastKnownFileType = file.storyboard; name = Base; path = Base.lproj/LaunchScreen.storyboard; sourceTree = "<group>"; };
		FF8B10221EC01E4B00208A34 /* Info.plist */ = {isa = PBXFileReference; lastKnownFileType = text.plist.xml; path = Info.plist; sourceTree = "<group>"; };
		FF8B10271EC01E4B00208A34 /* SPBaseCommonTests.xctest */ = {isa = PBXFileReference; explicitFileType = wrapper.cfbundle; includeInIndex = 0; path = SPBaseCommonTests.xctest; sourceTree = BUILT_PRODUCTS_DIR; };
		FF8B102B1EC01E4B00208A34 /* SPBaseCommonTests.m */ = {isa = PBXFileReference; lastKnownFileType = sourcecode.c.objc; path = SPBaseCommonTests.m; sourceTree = "<group>"; };
		FF8B102D1EC01E4B00208A34 /* Info.plist */ = {isa = PBXFileReference; lastKnownFileType = text.plist.xml; path = Info.plist; sourceTree = "<group>"; };
		FF8B10321EC01E4B00208A34 /* SPBaseCommonUITests.xctest */ = {isa = PBXFileReference; explicitFileType = wrapper.cfbundle; includeInIndex = 0; path = SPBaseCommonUITests.xctest; sourceTree = BUILT_PRODUCTS_DIR; };
		FF8B10361EC01E4B00208A34 /* SPBaseCommonUITests.m */ = {isa = PBXFileReference; lastKnownFileType = sourcecode.c.objc; path = SPBaseCommonUITests.m; sourceTree = "<group>"; };
		FF8B10381EC01E4B00208A34 /* Info.plist */ = {isa = PBXFileReference; lastKnownFileType = text.plist.xml; path = Info.plist; sourceTree = "<group>"; };
		FF8B10451EC01FDD00208A34 /* SPCommonTools.h */ = {isa = PBXFileReference; fileEncoding = 4; lastKnownFileType = sourcecode.c.h; path = SPCommonTools.h; sourceTree = "<group>"; };
		FF8B10461EC01FDD00208A34 /* SPCommonTools.m */ = {isa = PBXFileReference; fileEncoding = 4; lastKnownFileType = sourcecode.c.objc; path = SPCommonTools.m; sourceTree = "<group>"; };
/* End PBXFileReference section */

/* Begin PBXFrameworksBuildPhase section */
		FF8B100B1EC01E4B00208A34 /* Frameworks */ = {
			isa = PBXFrameworksBuildPhase;
			buildActionMask = 2147483647;
			files = (
			);
			runOnlyForDeploymentPostprocessing = 0;
		};
		FF8B10241EC01E4B00208A34 /* Frameworks */ = {
			isa = PBXFrameworksBuildPhase;
			buildActionMask = 2147483647;
			files = (
			);
			runOnlyForDeploymentPostprocessing = 0;
		};
		FF8B102F1EC01E4B00208A34 /* Frameworks */ = {
			isa = PBXFrameworksBuildPhase;
			buildActionMask = 2147483647;
			files = (
			);
			runOnlyForDeploymentPostprocessing = 0;
		};
/* End PBXFrameworksBuildPhase section */

/* Begin PBXGroup section */
		FF8B10051EC01E4B00208A34 = {
			isa = PBXGroup;
			children = (
				FF8B10441EC01FDD00208A34 /* SPCommon */,
				FF8B10101EC01E4B00208A34 /* SPBaseCommon */,
				FF8B102A1EC01E4B00208A34 /* SPBaseCommonTests */,
				FF8B10351EC01E4B00208A34 /* SPBaseCommonUITests */,
				FF8B100F1EC01E4B00208A34 /* Products */,
			);
			sourceTree = "<group>";
		};
		FF8B100F1EC01E4B00208A34 /* Products */ = {
			isa = PBXGroup;
			children = (
				FF8B100E1EC01E4B00208A34 /* SPBaseCommon.app */,
				FF8B10271EC01E4B00208A34 /* SPBaseCommonTests.xctest */,
				FF8B10321EC01E4B00208A34 /* SPBaseCommonUITests.xctest */,
			);
			name = Products;
			sourceTree = "<group>";
		};
		FF8B10101EC01E4B00208A34 /* SPBaseCommon */ = {
			isa = PBXGroup;
			children = (
				FF8B10141EC01E4B00208A34 /* AppDelegate.h */,
				FF8B10151EC01E4B00208A34 /* AppDelegate.m */,
				FF8B10171EC01E4B00208A34 /* ViewController.h */,
				FF8B10181EC01E4B00208A34 /* ViewController.m */,
				FF8B101A1EC01E4B00208A34 /* Main.storyboard */,
				FF8B101D1EC01E4B00208A34 /* Assets.xcassets */,
				FF8B101F1EC01E4B00208A34 /* LaunchScreen.storyboard */,
				FF8B10221EC01E4B00208A34 /* Info.plist */,
				FF8B10111EC01E4B00208A34 /* Supporting Files */,
			);
			path = SPBaseCommon;
			sourceTree = "<group>";
		};
		FF8B10111EC01E4B00208A34 /* Supporting Files */ = {
			isa = PBXGroup;
			children = (
				FF8B10121EC01E4B00208A34 /* main.m */,
			);
			name = "Supporting Files";
			sourceTree = "<group>";
		};
		FF8B102A1EC01E4B00208A34 /* SPBaseCommonTests */ = {
			isa = PBXGroup;
			children = (
				FF8B102B1EC01E4B00208A34 /* SPBaseCommonTests.m */,
				FF8B102D1EC01E4B00208A34 /* Info.plist */,
			);
			path = SPBaseCommonTests;
			sourceTree = "<group>";
		};
		FF8B10351EC01E4B00208A34 /* SPBaseCommonUITests */ = {
			isa = PBXGroup;
			children = (
				FF8B10361EC01E4B00208A34 /* SPBaseCommonUITests.m */,
				FF8B10381EC01E4B00208A34 /* Info.plist */,
			);
			path = SPBaseCommonUITests;
			sourceTree = "<group>";
		};
		FF8B10441EC01FDD00208A34 /* SPCommon */ = {
			isa = PBXGroup;
			children = (
				FF8B10451EC01FDD00208A34 /* SPCommonTools.h */,
				FF8B10461EC01FDD00208A34 /* SPCommonTools.m */,
			);
			path = SPCommon;
			sourceTree = "<group>";
		};
/* End PBXGroup section */

/* Begin PBXNativeTarget section */
		FF8B100D1EC01E4B00208A34 /* SPBaseCommon */ = {
			isa = PBXNativeTarget;
			buildConfigurationList = FF8B103B1EC01E4B00208A34 /* Build configuration list for PBXNativeTarget "SPBaseCommon" */;
			buildPhases = (
				FF8B100A1EC01E4B00208A34 /* Sources */,
				FF8B100B1EC01E4B00208A34 /* Frameworks */,
				FF8B100C1EC01E4B00208A34 /* Resources */,
			);
			buildRules = (
			);
			dependencies = (
			);
			name = SPBaseCommon;
			productName = SPBaseCommon;
			productReference = FF8B100E1EC01E4B00208A34 /* SPBaseCommon.app */;
			productType = "com.apple.product-type.application";
		};
		FF8B10261EC01E4B00208A34 /* SPBaseCommonTests */ = {
			isa = PBXNativeTarget;
			buildConfigurationList = FF8B103E1EC01E4B00208A34 /* Build configuration list for PBXNativeTarget "SPBaseCommonTests" */;
			buildPhases = (
				FF8B10231EC01E4B00208A34 /* Sources */,
				FF8B10241EC01E4B00208A34 /* Frameworks */,
				FF8B10251EC01E4B00208A34 /* Resources */,
			);
			buildRules = (
			);
			dependencies = (
				FF8B10291EC01E4B00208A34 /* PBXTargetDependency */,
			);
			name = SPBaseCommonTests;
			productName = SPBaseCommonTests;
			productReference = FF8B10271EC01E4B00208A34 /* SPBaseCommonTests.xctest */;
			productType = "com.apple.product-type.bundle.unit-test";
		};
		FF8B10311EC01E4B00208A34 /* SPBaseCommonUITests */ = {
			isa = PBXNativeTarget;
			buildConfigurationList = FF8B10411EC01E4B00208A34 /* Build configuration list for PBXNativeTarget "SPBaseCommonUITests" */;
			buildPhases = (
				FF8B102E1EC01E4B00208A34 /* Sources */,
				FF8B102F1EC01E4B00208A34 /* Frameworks */,
				FF8B10301EC01E4B00208A34 /* Resources */,
			);
			buildRules = (
			);
			dependencies = (
				FF8B10341EC01E4B00208A34 /* PBXTargetDependency */,
			);
			name = SPBaseCommonUITests;
			productName = SPBaseCommonUITests;
			productReference = FF8B10321EC01E4B00208A34 /* SPBaseCommonUITests.xctest */;
			productType = "com.apple.product-type.bundle.ui-testing";
		};
/* End PBXNativeTarget section */

/* Begin PBXProject section */
		FF8B10061EC01E4B00208A34 /* Project object */ = {
			isa = PBXProject;
			attributes = {
				LastUpgradeCheck = 0830;
				ORGANIZATIONNAME = ppan;
				TargetAttributes = {
					FF8B100D1EC01E4B00208A34 = {
						CreatedOnToolsVersion = 8.3.2;
						DevelopmentTeam = ZXLL6GR6YH;
						ProvisioningStyle = Automatic;
					};
					FF8B10261EC01E4B00208A34 = {
						CreatedOnToolsVersion = 8.3.2;
						DevelopmentTeam = ZXLL6GR6YH;
						ProvisioningStyle = Automatic;
						TestTargetID = FF8B100D1EC01E4B00208A34;
					};
					FF8B10311EC01E4B00208A34 = {
						CreatedOnToolsVersion = 8.3.2;
						DevelopmentTeam = ZXLL6GR6YH;
						ProvisioningStyle = Automatic;
						TestTargetID = FF8B100D1EC01E4B00208A34;
					};
				};
			};
			buildConfigurationList = FF8B10091EC01E4B00208A34 /* Build configuration list for PBXProject "SPBaseCommon" */;
			compatibilityVersion = "Xcode 3.2";
			developmentRegion = English;
			hasScannedForEncodings = 0;
			knownRegions = (
				en,
				Base,
			);
			mainGroup = FF8B10051EC01E4B00208A34;
			productRefGroup = FF8B100F1EC01E4B00208A34 /* Products */;
			projectDirPath = "";
			projectRoot = "";
			targets = (
				FF8B100D1EC01E4B00208A34 /* SPBaseCommon */,
				FF8B10261EC01E4B00208A34 /* SPBaseCommonTests */,
				FF8B10311EC01E4B00208A34 /* SPBaseCommonUITests */,
			);
		};
/* End PBXProject section */

/* Begin PBXResourcesBuildPhase section */
		FF8B100C1EC01E4B00208A34 /* Resources */ = {
			isa = PBXResourcesBuildPhase;
			buildActionMask = 2147483647;
			files = (
				FF8B10211EC01E4B00208A34 /* LaunchScreen.storyboard in Resources */,
				FF8B101E1EC01E4B00208A34 /* Assets.xcassets in Resources */,
				FF8B101C1EC01E4B00208A34 /* Main.storyboard in Resources */,
			);
			runOnlyForDeploymentPostprocessing = 0;
		};
		FF8B10251EC01E4B00208A34 /* Resources */ = {
			isa = PBXResourcesBuildPhase;
			buildActionMask = 2147483647;
			files = (
			);
			runOnlyForDeploymentPostprocessing = 0;
		};
		FF8B10301EC01E4B00208A34 /* Resources */ = {
			isa = PBXResourcesBuildPhase;
			buildActionMask = 2147483647;
			files = (
			);
			runOnlyForDeploymentPostprocessing = 0;
		};
/* End PBXResourcesBuildPhase section */

/* Begin PBXSourcesBuildPhase section */
		FF8B100A1EC01E4B00208A34 /* Sources */ = {
			isa = PBXSourcesBuildPhase;
			buildActionMask = 2147483647;
			files = (
				FF8B10191EC01E4B00208A34 /* ViewController.m in Sources */,
				FF8B10161EC01E4B00208A34 /* AppDelegate.m in Sources */,
				FF8B10131EC01E4B00208A34 /* main.m in Sources */,
				FF8B10471EC01FDD00208A34 /* SPCommonTools.m in Sources */,
			);
			runOnlyForDeploymentPostprocessing = 0;
		};
		FF8B10231EC01E4B00208A34 /* Sources */ = {
			isa = PBXSourcesBuildPhase;
			buildActionMask = 2147483647;
			files = (
				FF8B102C1EC01E4B00208A34 /* SPBaseCommonTests.m in Sources */,
			);
			runOnlyForDeploymentPostprocessing = 0;
		};
		FF8B102E1EC01E4B00208A34 /* Sources */ = {
			isa = PBXSourcesBuildPhase;
			buildActionMask = 2147483647;
			files = (
				FF8B10371EC01E4B00208A34 /* SPBaseCommonUITests.m in Sources */,
			);
			runOnlyForDeploymentPostprocessing = 0;
		};
/* End PBXSourcesBuildPhase section */

/* Begin PBXTargetDependency section */
		FF8B10291EC01E4B00208A34 /* PBXTargetDependency */ = {
			isa = PBXTargetDependency;
			target = FF8B100D1EC01E4B00208A34 /* SPBaseCommon */;
			targetProxy = FF8B10281EC01E4B00208A34 /* PBXContainerItemProxy */;
		};
		FF8B10341EC01E4B00208A34 /* PBXTargetDependency */ = {
			isa = PBXTargetDependency;
			target = FF8B100D1EC01E4B00208A34 /* SPBaseCommon */;
			targetProxy = FF8B10331EC01E4B00208A34 /* PBXContainerItemProxy */;
		};
/* End PBXTargetDependency section */

/* Begin PBXVariantGroup section */
		FF8B101A1EC01E4B00208A34 /* Main.storyboard */ = {
			isa = PBXVariantGroup;
			children = (
				FF8B101B1EC01E4B00208A34 /* Base */,
			);
			name = Main.storyboard;
			sourceTree = "<group>";
		};
		FF8B101F1EC01E4B00208A34 /* LaunchScreen.storyboard */ = {
			isa = PBXVariantGroup;
			children = (
				FF8B10201EC01E4B00208A34 /* Base */,
			);
			name = LaunchScreen.storyboard;
			sourceTree = "<group>";
		};
/* End PBXVariantGroup section */

/* Begin XCBuildConfiguration section */
		FF8B10391EC01E4B00208A34 /* Debug */ = {
			isa = XCBuildConfiguration;
			buildSettings = {
				ALWAYS_SEARCH_USER_PATHS = NO;
				CLANG_ANALYZER_NONNULL = YES;
				CLANG_ANALYZER_NUMBER_OBJECT_CONVERSION = YES_AGGRESSIVE;
				CLANG_CXX_LANGUAGE_STANDARD = "gnu++0x";
				CLANG_CXX_LIBRARY = "libc++";
				CLANG_ENABLE_MODULES = YES;
				CLANG_ENABLE_OBJC_ARC = YES;
				CLANG_WARN_BOOL_CONVERSION = YES;
				CLANG_WARN_CONSTANT_CONVERSION = YES;
				CLANG_WARN_DIRECT_OBJC_ISA_USAGE = YES_ERROR;
				CLANG_WARN_DOCUMENTATION_COMMENTS = YES;
				CLANG_WARN_EMPTY_BODY = YES;
				CLANG_WARN_ENUM_CONVERSION = YES;
				CLANG_WARN_INFINITE_RECURSION = YES;
				CLANG_WARN_INT_CONVERSION = YES;
				CLANG_WARN_OBJC_ROOT_CLASS = YES_ERROR;
				CLANG_WARN_SUSPICIOUS_MOVE = YES;
				CLANG_WARN_UNREACHABLE_CODE = YES;
				CLANG_WARN__DUPLICATE_METHOD_MATCH = YES;
				"CODE_SIGN_IDENTITY[sdk=iphoneos*]" = "iPhone Developer";
				COPY_PHASE_STRIP = NO;
				DEBUG_INFORMATION_FORMAT = dwarf;
				ENABLE_STRICT_OBJC_MSGSEND = YES;
				ENABLE_TESTABILITY = YES;
				GCC_C_LANGUAGE_STANDARD = gnu99;
				GCC_DYNAMIC_NO_PIC = NO;
				GCC_NO_COMMON_BLOCKS = YES;
				GCC_OPTIMIZATION_LEVEL = 0;
				GCC_PREPROCESSOR_DEFINITIONS = (
					"DEBUG=1",
					"$(inherited)",
				);
				GCC_WARN_64_TO_32_BIT_CONVERSION = YES;
				GCC_WARN_ABOUT_RETURN_TYPE = YES_ERROR;
				GCC_WARN_UNDECLARED_SELECTOR = YES;
				GCC_WARN_UNINITIALIZED_AUTOS = YES_AGGRESSIVE;
				GCC_WARN_UNUSED_FUNCTION = YES;
				GCC_WARN_UNUSED_VARIABLE = YES;
				IPHONEOS_DEPLOYMENT_TARGET = 10.3;
				MTL_ENABLE_DEBUG_INFO = YES;
				ONLY_ACTIVE_ARCH = YES;
				SDKROOT = iphoneos;
				TARGETED_DEVICE_FAMILY = "1,2";
			};
			name = Debug;
		};
		FF8B103A1EC01E4B00208A34 /* Release */ = {
			isa = XCBuildConfiguration;
			buildSettings = {
				ALWAYS_SEARCH_USER_PATHS = NO;
				CLANG_ANALYZER_NONNULL = YES;
				CLANG_ANALYZER_NUMBER_OBJECT_CONVERSION = YES_AGGRESSIVE;
				CLANG_CXX_LANGUAGE_STANDARD = "gnu++0x";
				CLANG_CXX_LIBRARY = "libc++";
				CLANG_ENABLE_MODULES = YES;
				CLANG_ENABLE_OBJC_ARC = YES;
				CLANG_WARN_BOOL_CONVERSION = YES;
				CLANG_WARN_CONSTANT_CONVERSION = YES;
				CLANG_WARN_DIRECT_OBJC_ISA_USAGE = YES_ERROR;
				CLANG_WARN_DOCUMENTATION_COMMENTS = YES;
				CLANG_WARN_EMPTY_BODY = YES;
				CLANG_WARN_ENUM_CONVERSION = YES;
				CLANG_WARN_INFINITE_RECURSION = YES;
				CLANG_WARN_INT_CONVERSION = YES;
				CLANG_WARN_OBJC_ROOT_CLASS = YES_ERROR;
				CLANG_WARN_SUSPICIOUS_MOVE = YES;
				CLANG_WARN_UNREACHABLE_CODE = YES;
				CLANG_WARN__DUPLICATE_METHOD_MATCH = YES;
				"CODE_SIGN_IDENTITY[sdk=iphoneos*]" = "iPhone Developer";
				COPY_PHASE_STRIP = NO;
				DEBUG_INFORMATION_FORMAT = "dwarf-with-dsym";
				ENABLE_NS_ASSERTIONS = NO;
				ENABLE_STRICT_OBJC_MSGSEND = YES;
				GCC_C_LANGUAGE_STANDARD = gnu99;
				GCC_NO_COMMON_BLOCKS = YES;
				GCC_WARN_64_TO_32_BIT_CONVERSION = YES;
				GCC_WARN_ABOUT_RETURN_TYPE = YES_ERROR;
				GCC_WARN_UNDECLARED_SELECTOR = YES;
				GCC_WARN_UNINITIALIZED_AUTOS = YES_AGGRESSIVE;
				GCC_WARN_UNUSED_FUNCTION = YES;
				GCC_WARN_UNUSED_VARIABLE = YES;
				IPHONEOS_DEPLOYMENT_TARGET = 10.3;
				MTL_ENABLE_DEBUG_INFO = NO;
				SDKROOT = iphoneos;
				TARGETED_DEVICE_FAMILY = "1,2";
				VALIDATE_PRODUCT = YES;
			};
			name = Release;
		};
		FF8B103C1EC01E4B00208A34 /* Debug */ = {
			isa = XCBuildConfiguration;
			buildSettings = {
				ASSETCATALOG_COMPILER_APPICON_NAME = AppIcon;
				DEVELOPMENT_TEAM = ZXLL6GR6YH;
				INFOPLIST_FILE = SPBaseCommon/Info.plist;
				LD_RUNPATH_SEARCH_PATHS = "$(inherited) @executable_path/Frameworks";
				PRODUCT_BUNDLE_IDENTIFIER = com.GZSP.SPBaseCommon;
				PRODUCT_NAME = "$(TARGET_NAME)";
			};
			name = Debug;
		};
		FF8B103D1EC01E4B00208A34 /* Release */ = {
			isa = XCBuildConfiguration;
			buildSettings = {
				ASSETCATALOG_COMPILER_APPICON_NAME = AppIcon;
				DEVELOPMENT_TEAM = ZXLL6GR6YH;
				INFOPLIST_FILE = SPBaseCommon/Info.plist;
				LD_RUNPATH_SEARCH_PATHS = "$(inherited) @executable_path/Frameworks";
				PRODUCT_BUNDLE_IDENTIFIER = com.GZSP.SPBaseCommon;
				PRODUCT_NAME = "$(TARGET_NAME)";
			};
			name = Release;
		};
		FF8B103F1EC01E4B00208A34 /* Debug */ = {
			isa = XCBuildConfiguration;
			buildSettings = {
				BUNDLE_LOADER = "$(TEST_HOST)";
				DEVELOPMENT_TEAM = ZXLL6GR6YH;
				INFOPLIST_FILE = SPBaseCommonTests/Info.plist;
				LD_RUNPATH_SEARCH_PATHS = "$(inherited) @executable_path/Frameworks @loader_path/Frameworks";
				PRODUCT_BUNDLE_IDENTIFIER = com.GZSP.SPBaseCommonTests;
				PRODUCT_NAME = "$(TARGET_NAME)";
				TEST_HOST = "$(BUILT_PRODUCTS_DIR)/SPBaseCommon.app/SPBaseCommon";
			};
			name = Debug;
		};
		FF8B10401EC01E4B00208A34 /* Release */ = {
			isa = XCBuildConfiguration;
			buildSettings = {
				BUNDLE_LOADER = "$(TEST_HOST)";
				DEVELOPMENT_TEAM = ZXLL6GR6YH;
				INFOPLIST_FILE = SPBaseCommonTests/Info.plist;
				LD_RUNPATH_SEARCH_PATHS = "$(inherited) @executable_path/Frameworks @loader_path/Frameworks";
				PRODUCT_BUNDLE_IDENTIFIER = com.GZSP.SPBaseCommonTests;
				PRODUCT_NAME = "$(TARGET_NAME)";
				TEST_HOST = "$(BUILT_PRODUCTS_DIR)/SPBaseCommon.app/SPBaseCommon";
			};
			name = Release;
		};
		FF8B10421EC01E4B00208A34 /* Debug */ = {
			isa = XCBuildConfiguration;
			buildSettings = {
				DEVELOPMENT_TEAM = ZXLL6GR6YH;
				INFOPLIST_FILE = SPBaseCommonUITests/Info.plist;
				LD_RUNPATH_SEARCH_PATHS = "$(inherited) @executable_path/Frameworks @loader_path/Frameworks";
				PRODUCT_BUNDLE_IDENTIFIER = com.GZSP.SPBaseCommonUITests;
				PRODUCT_NAME = "$(TARGET_NAME)";
				TEST_TARGET_NAME = SPBaseCommon;
			};
			name = Debug;
		};
		FF8B10431EC01E4B00208A34 /* Release */ = {
			isa = XCBuildConfiguration;
			buildSettings = {
				DEVELOPMENT_TEAM = ZXLL6GR6YH;
				INFOPLIST_FILE = SPBaseCommonUITests/Info.plist;
				LD_RUNPATH_SEARCH_PATHS = "$(inherited) @executable_path/Frameworks @loader_path/Frameworks";
				PRODUCT_BUNDLE_IDENTIFIER = com.GZSP.SPBaseCommonUITests;
				PRODUCT_NAME = "$(TARGET_NAME)";
				TEST_TARGET_NAME = SPBaseCommon;
			};
			name = Release;
		};
/* End XCBuildConfiguration section */

/* Begin XCConfigurationList section */
		FF8B10091EC01E4B00208A34 /* Build configuration list for PBXProject "SPBaseCommon" */ = {
			isa = XCConfigurationList;
			buildConfigurations = (
				FF8B10391EC01E4B00208A34 /* Debug */,
				FF8B103A1EC01E4B00208A34 /* Release */,
			);
			defaultConfigurationIsVisible = 0;
			defaultConfigurationName = Release;
		};
		FF8B103B1EC01E4B00208A34 /* Build configuration list for PBXNativeTarget "SPBaseCommon" */ = {
			isa = XCConfigurationList;
			buildConfigurations = (
				FF8B103C1EC01E4B00208A34 /* Debug */,
				FF8B103D1EC01E4B00208A34 /* Release */,
			);
			defaultConfigurationIsVisible = 0;
		};
		FF8B103E1EC01E4B00208A34 /* Build configuration list for PBXNativeTarget "SPBaseCommonTests" */ = {
			isa = XCConfigurationList;
			buildConfigurations = (
				FF8B103F1EC01E4B00208A34 /* Debug */,
				FF8B10401EC01E4B00208A34 /* Release */,
			);
			defaultConfigurationIsVisible = 0;
		};
		FF8B10411EC01E4B00208A34 /* Build configuration list for PBXNativeTarget "SPBaseCommonUITests" */ = {
			isa = XCConfigurationList;
			buildConfigurations = (
				FF8B10421EC01E4B00208A34 /* Debug */,
				FF8B10431EC01E4B00208A34 /* Release */,
			);
			defaultConfigurationIsVisible = 0;
		};
/* End XCConfigurationList section */
	};
	rootObject = FF8B10061EC01E4B00208A34 /* Project object */;
}
